
Microsoft Visual Studio Solution File, Format Version 12.00
# Visual Studio Version 17
VisualStudioVersion = 17.14.36616.10
MinimumVisualStudioVersion = 10.0.40219.1
Project("{FAE04EC0-301F-11D3-BF4B-00C04F79EFBC}") = "Sprachfeatures", "Sprachfeatures\Sprachfeatures.csproj", "{ECDF2359-A860-4A85-A204-B540D17CAE8F}"
EndProject
Project("{FAE04EC0-301F-11D3-BF4B-00C04F79EFBC}") = "TopLevelStatements", "TopLevelStatements\TopLevelStatements.csproj", "{C8D9F7A7-7902-4F27-99C7-B6AA682A2168}"
EndProject
Project("{FAE04EC0-301F-11D3-BF4B-00C04F79EFBC}") = "Generics", "Generics\Generics.csproj", "{675EC72C-3D80-4F16-860C-8B409900A086}"
EndProject
Project("{FAE04EC0-301F-11D3-BF4B-00C04F79EFBC}") = "Delegates", "Delegates\Delegates.csproj", "{6897E3C5-26FA-464A-924C-3568A19C7619}"
EndProject
Project("{FAE04EC0-301F-11D3-BF4B-00C04F79EFBC}") = "Events", "Events\Events.csproj", "{7E10D359-1A3E-4A5F-84B4-B6F21730406D}"
EndProject
Project("{FAE04EC0-301F-11D3-BF4B-00C04F79EFBC}") = "Serialisierung", "Serialisierung\Serialisierung.csproj", "{035A13E2-A254-4D3B-A393-2FB015C69C37}"
EndProject
Project("{FAE04EC0-301F-11D3-BF4B-00C04F79EFBC}") = "Multitasking", "Multitasking\Multitasking.csproj", "{AD72157D-438B-4542-9CED-475218D6FD2F}"
EndProject
Project("{FAE04EC0-301F-11D3-BF4B-00C04F79EFBC}") = "AsyncAwait", "AsyncAwait\AsyncAwait.csproj", "{8BCC5588-01FB-7C40-5B72-8A4FD036FC0C}"
EndProject
Project("{FAE04EC0-301F-11D3-BF4B-00C04F79EFBC}") = "AsyncAwaitWPF", "AsyncAwaitWPF\AsyncAwaitWPF.csproj", "{1359127A-1EB0-48CF-8365-E4694EFD1146}"
EndProject
Project("{FAE04EC0-301F-11D3-BF4B-00C04F79EFBC}") = "LinqErweiterungsmethoden", "LinqErweiterungsmethoden\LinqErweiterungsmethoden.csproj", "{37AE1BD5-B77A-4241-8D7A-E4644C85B3E2}"
EndProject
Project("{FAE04EC0-301F-11D3-BF4B-00C04F79EFBC}") = "Reflection", "Reflection\Reflection.csproj", "{23BCD469-073B-44A4-B757-169FABA4386C}"
EndProject
Project("{FAE04EC0-301F-11D3-BF4B-00C04F79EFBC}") = "PluginBase", "PluginBase\PluginBase.csproj", "{F8606A6F-3110-EA23-4F66-13FFB3713916}"
EndProject
Project("{FAE04EC0-301F-11D3-BF4B-00C04F79EFBC}") = "PluginCalculator", "PluginCalculator\PluginCalculator.csproj", "{94CC03A0-F20F-0C8E-F61C-C06460B01CE0}"
EndProject
Project("{FAE04EC0-301F-11D3-BF4B-00C04F79EFBC}") = "PluginClient", "PluginClient\PluginClient.csproj", "{F2F0E286-EC35-DDF8-D755-17A5EC753546}"
EndProject
Global
	GlobalSection(SolutionConfigurationPlatforms) = preSolution
		Debug|Any CPU = Debug|Any CPU
		Release|Any CPU = Release|Any CPU
	EndGlobalSection
	GlobalSection(ProjectConfigurationPlatforms) = postSolution
		{ECDF2359-A860-4A85-A204-B540D17CAE8F}.Debug|Any CPU.ActiveCfg = Debug|Any CPU
		{ECDF2359-A860-4A85-A204-B540D17CAE8F}.Debug|Any CPU.Build.0 = Debug|Any CPU
		{ECDF2359-A860-4A85-A204-B540D17CAE8F}.Release|Any CPU.ActiveCfg = Release|Any CPU
		{ECDF2359-A860-4A85-A204-B540D17CAE8F}.Release|Any CPU.Build.0 = Release|Any CPU
		{C8D9F7A7-7902-4F27-99C7-B6AA682A2168}.Debug|Any CPU.ActiveCfg = Debug|Any CPU
		{C8D9F7A7-7902-4F27-99C7-B6AA682A2168}.Debug|Any CPU.Build.0 = Debug|Any CPU
		{C8D9F7A7-7902-4F27-99C7-B6AA682A2168}.Release|Any CPU.ActiveCfg = Release|Any CPU
		{C8D9F7A7-7902-4F27-99C7-B6AA682A2168}.Release|Any CPU.Build.0 = Release|Any CPU
		{675EC72C-3D80-4F16-860C-8B409900A086}.Debug|Any CPU.ActiveCfg = Debug|Any CPU
		{675EC72C-3D80-4F16-860C-8B409900A086}.Debug|Any CPU.Build.0 = Debug|Any CPU
		{675EC72C-3D80-4F16-860C-8B409900A086}.Release|Any CPU.ActiveCfg = Release|Any CPU
		{675EC72C-3D80-4F16-860C-8B409900A086}.Release|Any CPU.Build.0 = Release|Any CPU
		{6897E3C5-26FA-464A-924C-3568A19C7619}.Debug|Any CPU.ActiveCfg = Debug|Any CPU
		{6897E3C5-26FA-464A-924C-3568A19C7619}.Debug|Any CPU.Build.0 = Debug|Any CPU
		{6897E3C5-26FA-464A-924C-3568A19C7619}.Release|Any CPU.ActiveCfg = Release|Any CPU
		{6897E3C5-26FA-464A-924C-3568A19C7619}.Release|Any CPU.Build.0 = Release|Any CPU
		{7E10D359-1A3E-4A5F-84B4-B6F21730406D}.Debug|Any CPU.ActiveCfg = Debug|Any CPU
		{7E10D359-1A3E-4A5F-84B4-B6F21730406D}.Debug|Any CPU.Build.0 = Debug|Any CPU
		{7E10D359-1A3E-4A5F-84B4-B6F21730406D}.Release|Any CPU.ActiveCfg = Release|Any CPU
		{7E10D359-1A3E-4A5F-84B4-B6F21730406D}.Release|Any CPU.Build.0 = Release|Any CPU
		{035A13E2-A254-4D3B-A393-2FB015C69C37}.Debug|Any CPU.ActiveCfg = Debug|Any CPU
		{035A13E2-A254-4D3B-A393-2FB015C69C37}.Debug|Any CPU.Build.0 = Debug|Any CPU
		{035A13E2-A254-4D3B-A393-2FB015C69C37}.Release|Any CPU.ActiveCfg = Release|Any CPU
		{035A13E2-A254-4D3B-A393-2FB015C69C37}.Release|Any CPU.Build.0 = Release|Any CPU
		{AD72157D-438B-4542-9CED-475218D6FD2F}.Debug|Any CPU.ActiveCfg = Debug|Any CPU
		{AD72157D-438B-4542-9CED-475218D6FD2F}.Debug|Any CPU.Build.0 = Debug|Any CPU
		{AD72157D-438B-4542-9CED-475218D6FD2F}.Release|Any CPU.ActiveCfg = Release|Any CPU
		{AD72157D-438B-4542-9CED-475218D6FD2F}.Release|Any CPU.Build.0 = Release|Any CPU
		{8BCC5588-01FB-7C40-5B72-8A4FD036FC0C}.Debug|Any CPU.ActiveCfg = Debug|Any CPU
		{8BCC5588-01FB-7C40-5B72-8A4FD036FC0C}.Debug|Any CPU.Build.0 = Debug|Any CPU
		{8BCC5588-01FB-7C40-5B72-8A4FD036FC0C}.Release|Any CPU.ActiveCfg = Release|Any CPU
		{8BCC5588-01FB-7C40-5B72-8A4FD036FC0C}.Release|Any CPU.Build.0 = Release|Any CPU
		{1359127A-1EB0-48CF-8365-E4694EFD1146}.Debug|Any CPU.ActiveCfg = Debug|Any CPU
		{1359127A-1EB0-48CF-8365-E4694EFD1146}.Debug|Any CPU.Build.0 = Debug|Any CPU
		{1359127A-1EB0-48CF-8365-E4694EFD1146}.Release|Any CPU.ActiveCfg = Release|Any CPU
		{1359127A-1EB0-48CF-8365-E4694EFD1146}.Release|Any CPU.Build.0 = Release|Any CPU
		{37AE1BD5-B77A-4241-8D7A-E4644C85B3E2}.Debug|Any CPU.ActiveCfg = Debug|Any CPU
		{37AE1BD5-B77A-4241-8D7A-E4644C85B3E2}.Debug|Any CPU.Build.0 = Debug|Any CPU
		{37AE1BD5-B77A-4241-8D7A-E4644C85B3E2}.Release|Any CPU.ActiveCfg = Release|Any CPU
		{37AE1BD5-B77A-4241-8D7A-E4644C85B3E2}.Release|Any CPU.Build.0 = Release|Any CPU
		{23BCD469-073B-44A4-B757-169FABA4386C}.Debug|Any CPU.ActiveCfg = Debug|Any CPU
		{23BCD469-073B-44A4-B757-169FABA4386C}.Debug|Any CPU.Build.0 = Debug|Any CPU
		{23BCD469-073B-44A4-B757-169FABA4386C}.Release|Any CPU.ActiveCfg = Release|Any CPU
		{23BCD469-073B-44A4-B757-169FABA4386C}.Release|Any CPU.Build.0 = Release|Any CPU
		{F8606A6F-3110-EA23-4F66-13FFB3713916}.Debug|Any CPU.ActiveCfg = Debug|Any CPU
		{F8606A6F-3110-EA23-4F66-13FFB3713916}.Debug|Any CPU.Build.0 = Debug|Any CPU
		{F8606A6F-3110-EA23-4F66-13FFB3713916}.Release|Any CPU.ActiveCfg = Release|Any CPU
		{F8606A6F-3110-EA23-4F66-13FFB3713916}.Release|Any CPU.Build.0 = Release|Any CPU
		{94CC03A0-F20F-0C8E-F61C-C06460B01CE0}.Debug|Any CPU.ActiveCfg = Debug|Any CPU
		{94CC03A0-F20F-0C8E-F61C-C06460B01CE0}.Debug|Any CPU.Build.0 = Debug|Any CPU
		{94CC03A0-F20F-0C8E-F61C-C06460B01CE0}.Release|Any CPU.ActiveCfg = Release|Any CPU
		{94CC03A0-F20F-0C8E-F61C-C06460B01CE0}.Release|Any CPU.Build.0 = Release|Any CPU
		{F2F0E286-EC35-DDF8-D755-17A5EC753546}.Debug|Any CPU.ActiveCfg = Debug|Any CPU
		{F2F0E286-EC35-DDF8-D755-17A5EC753546}.Debug|Any CPU.Build.0 = Debug|Any CPU
		{F2F0E286-EC35-DDF8-D755-17A5EC753546}.Release|Any CPU.ActiveCfg = Release|Any CPU
		{F2F0E286-EC35-DDF8-D755-17A5EC753546}.Release|Any CPU.Build.0 = Release|Any CPU
	EndGlobalSection
	GlobalSection(SolutionProperties) = preSolution
		HideSolutionNode = FALSE
	EndGlobalSection
	GlobalSection(ExtensibilityGlobals) = postSolution
		SolutionGuid = {AC74AF78-1ABF-4D64-A580-5AC158DE8160}
	EndGlobalSection
EndGlobal
